
Microsoft Visual Studio Solution File, Format Version 12.00
# Visual Studio Version 17
VisualStudioVersion = 17.10.35004.147
MinimumVisualStudioVersion = 10.0.40219.1
Project("{9A19103F-16F7-4668-BE54-9A1E7A4F7556}") = "StudentGradesApp", "StudentGradesApp.csproj", "{F7D6394B-0C7A-4003-99C0-36F9637C7025}"
EndProject
Project("{9A19103F-16F7-4668-BE54-9A1E7A4F7556}") = "SchoolGradesModelLib", "..\Class Libraries\SchoolGradesModelLib\SchoolGradesModelLib.csproj", "{0207D775-19C9-4828-9F2A-C36ECF4DA49E}"
EndProject
Global
	GlobalSection(SolutionConfigurationPlatforms) = preSolution
		Debug|Any CPU = Debug|Any CPU
		Release|Any CPU = Release|Any CPU
	EndGlobalSection
	GlobalSection(ProjectConfigurationPlatforms) = postSolution
		{F7D6394B-0C7A-4003-99C0-36F9637C7025}.Debug|Any CPU.ActiveCfg = Debug|Any CPU
		{F7D6394B-0C7A-4003-99C0-36F9637C7025}.Debug|Any CPU.Build.0 = Debug|Any CPU
		{F7D6394B-0C7A-4003-99C0-36F9637C7025}.Release|Any CPU.ActiveCfg = Release|Any CPU
		{F7D6394B-0C7A-4003-99C0-36F9637C7025}.Release|Any CPU.Build.0 = Release|Any CPU
		{0207D775-19C9-4828-9F2A-C36ECF4DA49E}.Debug|Any CPU.ActiveCfg = Debug|Any CPU
		{0207D775-19C9-4828-9F2A-C36ECF4DA49E}.Debug|Any CPU.Build.0 = Debug|Any CPU
		{0207D775-19C9-4828-9F2A-C36ECF4DA49E}.Release|Any CPU.ActiveCfg = Release|Any CPU
		{0207D775-19C9-4828-9F2A-C36ECF4DA49E}.Release|Any CPU.Build.0 = Release|Any CPU
	EndGlobalSection
	GlobalSection(SolutionProperties) = preSolution
		HideSolutionNode = FALSE
	EndGlobalSection
	GlobalSection(ExtensibilityGlobals) = postSolution
		SolutionGuid = {0411EA79-2647-47A7-B85E-FA9675FFC7C0}
	EndGlobalSection
EndGlobal
